{
  "name": "sqlparser-benchmark",
  "version": "1.0.0",
  "lockfileVersion": 3,
  "requires": true,
  "packages": {
    "": {
      "name": "sqlparser-benchmark",
      "version": "1.0.0",
      "dependencies": {
        "node-sql-parser": "^5.3.8",
        "sqlparser-ts": "file:.."
      }
    },
    "..": {
      "version": "0.61.1",
      "license": "Apache-2.0",
      "devDependencies": {
        "@types/node": "^25.2.3",
        "eslint": "^9.28.0",
        "eslint-plugin-unused-imports": "^4.4.1",
        "tsdown": "^0.20.3",
        "typescript": "^5.9.3",
        "typescript-eslint": "^8.55.0",
        "vitest": "^4.0.18"
      },
      "engines": {
        "node": ">=16.0.0"
      }
    },
    "../ts": {
      "name": "sqlparser-ts",
      "version": "0.60.0",
      "extraneous": true,
      "license": "Apache-2.0",
      "devDependencies": {
        "@types/node": "^25.0.10",
        "@vitest/ui": "^4.0.18",
        "eslint": "^9.18.0",
        "eslint-plugin-unused-imports": "^4.3.0",
        "tsdown": "^0.20.1",
        "typescript": "^5.7.0",
        "typescript-eslint": "^8.21.0",
        "vitest": "^4.0.18"
      },
      "engines": {
        "node": ">=16.0.0"
      }
    },
    "node_modules/@types/pegjs": {
      "version": "0.10.6",
      "license": "MIT"
    },
    "node_modules/big-integer": {
      "version": "1.6.52",
      "license": "Unlicense",
      "engines": {
        "node": ">=0.6"
      }
    },
    "node_modules/node-sql-parser": {
      "version": "5.4.0",
      "license": "Apache-2.0",
      "dependencies": {
        "@types/pegjs": "^0.10.0",
        "big-integer": "^1.6.48"
      },
      "engines": {
        "node": ">=8"
      }
    },
    "node_modules/sqlparser-ts": {
      "resolved": "..",
      "link": true
    }
  }
}
